
Microsoft Visual Studio Solution File, Format Version 12.00
# Visual Studio Version 17
VisualStudioVersion = 17.12.35506.116
MinimumVisualStudioVersion = 10.0.40219.1
Project("{FAE04EC0-301F-11D3-BF4B-00C04F79EFBC}") = "AllPhiLogger", "AllPhiLogger\AllPhiLogger.csproj", "{0D721795-5AF3-48A0-86D4-5E3443446A7B}"
EndProject
Project("{FAE04EC0-301F-11D3-BF4B-00C04F79EFBC}") = "LogTester", "LogTester\LogTester.csproj", "{DDE6BBC8-7F87-4CF0-91DC-D472A8EA5BF5}"
EndProject
Global
	GlobalSection(SolutionConfigurationPlatforms) = preSolution
		Debug|Any CPU = Debug|Any CPU
		Release|Any CPU = Release|Any CPU
	EndGlobalSection
	GlobalSection(ProjectConfigurationPlatforms) = postSolution
		{0D721795-5AF3-48A0-86D4-5E3443446A7B}.Debug|Any CPU.ActiveCfg = Debug|Any CPU
		{0D721795-5AF3-48A0-86D4-5E3443446A7B}.Debug|Any CPU.Build.0 = Debug|Any CPU
		{0D721795-5AF3-48A0-86D4-5E3443446A7B}.Release|Any CPU.ActiveCfg = Release|Any CPU
		{0D721795-5AF3-48A0-86D4-5E3443446A7B}.Release|Any CPU.Build.0 = Release|Any CPU
		{DDE6BBC8-7F87-4CF0-91DC-D472A8EA5BF5}.Debug|Any CPU.ActiveCfg = Debug|Any CPU
		{DDE6BBC8-7F87-4CF0-91DC-D472A8EA5BF5}.Debug|Any CPU.Build.0 = Debug|Any CPU
		{DDE6BBC8-7F87-4CF0-91DC-D472A8EA5BF5}.Release|Any CPU.ActiveCfg = Release|Any CPU
		{DDE6BBC8-7F87-4CF0-91DC-D472A8EA5BF5}.Release|Any CPU.Build.0 = Release|Any CPU
	EndGlobalSection
	GlobalSection(SolutionProperties) = preSolution
		HideSolutionNode = FALSE
	EndGlobalSection
EndGlobal
